
Microsoft Visual Studio Solution File, Format Version 12.00
# Visual Studio 15
VisualStudioVersion = 15.0.27703.2035
MinimumVisualStudioVersion = 10.0.40219.1
Project("{FAE04EC0-301F-11D3-BF4B-00C04F79EFBC}") = "Core.Common", "Core.Common.csproj", "{4D734EAC-E84B-40A2-9726-D17263B0FF4A}"
EndProject
Project("{FAE04EC0-301F-11D3-BF4B-00C04F79EFBC}") = "Core.Common.Contracts", "..\Core.Common.Contracts\Core.Common.Contracts.csproj", "{0DD350C7-3CBE-4791-A9B5-332BF3F1B756}"
EndProject
Global
	GlobalSection(SolutionConfigurationPlatforms) = preSolution
		Debug|Any CPU = Debug|Any CPU
		Release|Any CPU = Release|Any CPU
	EndGlobalSection
	GlobalSection(ProjectConfigurationPlatforms) = postSolution
		{4D734EAC-E84B-40A2-9726-D17263B0FF4A}.Debug|Any CPU.ActiveCfg = Debug|Any CPU
		{4D734EAC-E84B-40A2-9726-D17263B0FF4A}.Debug|Any CPU.Build.0 = Debug|Any CPU
		{4D734EAC-E84B-40A2-9726-D17263B0FF4A}.Release|Any CPU.ActiveCfg = Release|Any CPU
		{4D734EAC-E84B-40A2-9726-D17263B0FF4A}.Release|Any CPU.Build.0 = Release|Any CPU
		{0DD350C7-3CBE-4791-A9B5-332BF3F1B756}.Debug|Any CPU.ActiveCfg = Debug|Any CPU
		{0DD350C7-3CBE-4791-A9B5-332BF3F1B756}.Debug|Any CPU.Build.0 = Debug|Any CPU
		{0DD350C7-3CBE-4791-A9B5-332BF3F1B756}.Release|Any CPU.ActiveCfg = Release|Any CPU
		{0DD350C7-3CBE-4791-A9B5-332BF3F1B756}.Release|Any CPU.Build.0 = Release|Any CPU
	EndGlobalSection
	GlobalSection(SolutionProperties) = preSolution
		HideSolutionNode = FALSE
	EndGlobalSection
	GlobalSection(ExtensibilityGlobals) = postSolution
		SolutionGuid = {DB967B2E-7424-482A-BDEB-A7F49C593A61}
	EndGlobalSection
EndGlobal
