
Microsoft Visual Studio Solution File, Format Version 9.00
# Visual Studio 2005
Project("{FAE04EC0-301F-11D3-BF4B-00C04F79EFBC}") = "RegExTracer", "RegExTracer.csproj", "{C910E85F-D1A0-41F3-AB05-7F7CB22ADCEC}"
EndProject
Project("{FAE04EC0-301F-11D3-BF4B-00C04F79EFBC}") = "Nabu.Forms", "..\Nabu\Nabu.Forms\Nabu.Forms.csproj", "{BF8D69BA-5B66-4DED-B609-B89929ECC3DA}"
EndProject
Project("{FAE04EC0-301F-11D3-BF4B-00C04F79EFBC}") = "Nabu.Ole", "..\Nabu\Nabu.Ole\Nabu.Ole.csproj", "{1A43E783-16A3-4010-A407-033C59F17846}"
EndProject
Project("{FAE04EC0-301F-11D3-BF4B-00C04F79EFBC}") = "Nabu", "..\Nabu\Nabu\Nabu.csproj", "{F2AD887D-315A-41DB-8CD1-20B20C82E72A}"
EndProject
Global
	GlobalSection(SolutionConfigurationPlatforms) = preSolution
		Debug|Any CPU = Debug|Any CPU
		Release|Any CPU = Release|Any CPU
	EndGlobalSection
	GlobalSection(ProjectConfigurationPlatforms) = postSolution
		{C910E85F-D1A0-41F3-AB05-7F7CB22ADCEC}.Debug|Any CPU.ActiveCfg = Debug|Any CPU
		{C910E85F-D1A0-41F3-AB05-7F7CB22ADCEC}.Debug|Any CPU.Build.0 = Debug|Any CPU
		{C910E85F-D1A0-41F3-AB05-7F7CB22ADCEC}.Release|Any CPU.ActiveCfg = Release|Any CPU
		{C910E85F-D1A0-41F3-AB05-7F7CB22ADCEC}.Release|Any CPU.Build.0 = Release|Any CPU
		{BF8D69BA-5B66-4DED-B609-B89929ECC3DA}.Debug|Any CPU.ActiveCfg = Debug|Any CPU
		{BF8D69BA-5B66-4DED-B609-B89929ECC3DA}.Debug|Any CPU.Build.0 = Debug|Any CPU
		{BF8D69BA-5B66-4DED-B609-B89929ECC3DA}.Release|Any CPU.ActiveCfg = Release|Any CPU
		{BF8D69BA-5B66-4DED-B609-B89929ECC3DA}.Release|Any CPU.Build.0 = Release|Any CPU
		{1A43E783-16A3-4010-A407-033C59F17846}.Debug|Any CPU.ActiveCfg = Debug|Any CPU
		{1A43E783-16A3-4010-A407-033C59F17846}.Debug|Any CPU.Build.0 = Debug|Any CPU
		{1A43E783-16A3-4010-A407-033C59F17846}.Release|Any CPU.ActiveCfg = Release|Any CPU
		{1A43E783-16A3-4010-A407-033C59F17846}.Release|Any CPU.Build.0 = Release|Any CPU
		{F2AD887D-315A-41DB-8CD1-20B20C82E72A}.Debug|Any CPU.ActiveCfg = Debug|Any CPU
		{F2AD887D-315A-41DB-8CD1-20B20C82E72A}.Debug|Any CPU.Build.0 = Debug|Any CPU
		{F2AD887D-315A-41DB-8CD1-20B20C82E72A}.Release|Any CPU.ActiveCfg = Release|Any CPU
		{F2AD887D-315A-41DB-8CD1-20B20C82E72A}.Release|Any CPU.Build.0 = Release|Any CPU
	EndGlobalSection
	GlobalSection(SolutionProperties) = preSolution
		HideSolutionNode = FALSE
	EndGlobalSection
EndGlobal
